
Microsoft Visual Studio Solution File, Format Version 12.00
# Visual Studio Version 16
VisualStudioVersion = 16.0.31624.102
MinimumVisualStudioVersion = 10.0.40219.1
Project("{FAE04EC0-301F-11D3-BF4B-00C04F79EFBC}") = "Softline-Test", "Softline-Test.csproj", "{C00B2A1C-7E4F-49B7-A51C-45183D64E89C}"
EndProject
Global
	GlobalSection(SolutionConfigurationPlatforms) = preSolution
		Debug|Any CPU = Debug|Any CPU
		Release|Any CPU = Release|Any CPU
	EndGlobalSection
	GlobalSection(ProjectConfigurationPlatforms) = postSolution
		{C00B2A1C-7E4F-49B7-A51C-45183D64E89C}.Debug|Any CPU.ActiveCfg = Debug|Any CPU
		{C00B2A1C-7E4F-49B7-A51C-45183D64E89C}.Debug|Any CPU.Build.0 = Debug|Any CPU
		{C00B2A1C-7E4F-49B7-A51C-45183D64E89C}.Release|Any CPU.ActiveCfg = Release|Any CPU
		{C00B2A1C-7E4F-49B7-A51C-45183D64E89C}.Release|Any CPU.Build.0 = Release|Any CPU
	EndGlobalSection
	GlobalSection(SolutionProperties) = preSolution
		HideSolutionNode = FALSE
	EndGlobalSection
	GlobalSection(ExtensibilityGlobals) = postSolution
		SolutionGuid = {6BA719FF-AF59-42EF-8ABD-0374C60EBF44}
	EndGlobalSection
EndGlobal
