
Microsoft Visual Studio Solution File, Format Version 12.00
# Visual Studio Version 16
VisualStudioVersion = 16.0.31624.102
MinimumVisualStudioVersion = 10.0.40219.1
Project("{FAE04EC0-301F-11D3-BF4B-00C04F79EFBC}") = "Softline-Test", "Softline-Test.csproj", "{8FE5CBC9-80E5-4C60-8A2C-530798E2230B}"
EndProject
Global
	GlobalSection(SolutionConfigurationPlatforms) = preSolution
		Debug|Any CPU = Debug|Any CPU
		Release|Any CPU = Release|Any CPU
	EndGlobalSection
	GlobalSection(ProjectConfigurationPlatforms) = postSolution
		{8FE5CBC9-80E5-4C60-8A2C-530798E2230B}.Debug|Any CPU.ActiveCfg = Debug|Any CPU
		{8FE5CBC9-80E5-4C60-8A2C-530798E2230B}.Debug|Any CPU.Build.0 = Debug|Any CPU
		{8FE5CBC9-80E5-4C60-8A2C-530798E2230B}.Release|Any CPU.ActiveCfg = Release|Any CPU
		{8FE5CBC9-80E5-4C60-8A2C-530798E2230B}.Release|Any CPU.Build.0 = Release|Any CPU
	EndGlobalSection
	GlobalSection(SolutionProperties) = preSolution
		HideSolutionNode = FALSE
	EndGlobalSection
	GlobalSection(ExtensibilityGlobals) = postSolution
		SolutionGuid = {DAE8340C-6E5B-4A24-A7E8-A0E08B9B686A}
	EndGlobalSection
EndGlobal
